// !$*UTF8*$!
{
	archiveVersion = 1;
	classes = {
	};
	objectVersion = 77;
	objects = {

/* Begin PBXBuildFile section */
		681B893D2EBFBC63006DFB7A /* ComposableArchitecture in Frameworks */ = {isa = PBXBuildFile; productRef = 681B893C2EBFBC63006DFB7A /* ComposableArchitecture */; };
		681B894B2EBFC46C006DFB7A /* Alamofire in Frameworks */ = {isa = PBXBuildFile; productRef = 681B894A2EBFC46C006DFB7A /* Alamofire */; };
/* End PBXBuildFile section */

/* Begin PBXContainerItemProxy section */
		681B891E2EBFBBEF006DFB7A /* PBXContainerItemProxy */ = {
			isa = PBXContainerItemProxy;
			containerPortal = 681B89082EBFBBEE006DFB7A /* Project object */;
			proxyType = 1;
			remoteGlobalIDString = 681B890F2EBFBBEE006DFB7A;
			remoteInfo = HTTPSearcher;
		};
		681B89282EBFBBF0006DFB7A /* PBXContainerItemProxy */ = {
			isa = PBXContainerItemProxy;
			containerPortal = 681B89082EBFBBEE006DFB7A /* Project object */;
			proxyType = 1;
			remoteGlobalIDString = 681B890F2EBFBBEE006DFB7A;
			remoteInfo = HTTPSearcher;
		};
/* End PBXContainerItemProxy section */

/* Begin PBXFileReference section */
		681B89102EBFBBEE006DFB7A /* HTTPSearcher.app */ = {isa = PBXFileReference; explicitFileType = wrapper.application; includeInIndex = 0; path = HTTPSearcher.app; sourceTree = BUILT_PRODUCTS_DIR; };
		681B891D2EBFBBEF006DFB7A /* HTTPSearcherTests.xctest */ = {isa = PBXFileReference; explicitFileType = wrapper.cfbundle; includeInIndex = 0; path = HTTPSearcherTests.xctest; sourceTree = BUILT_PRODUCTS_DIR; };
		681B89272EBFBBF0006DFB7A /* HTTPSearcherUITests.xctest */ = {isa = PBXFileReference; explicitFileType = wrapper.cfbundle; includeInIndex = 0; path = HTTPSearcherUITests.xctest; sourceTree = BUILT_PRODUCTS_DIR; };
/* End PBXFileReference section */

/* Begin PBXFileSystemSynchronizedRootGroup section */
		681B89122EBFBBEE006DFB7A /* HTTPSearcher */ = {
			isa = PBXFileSystemSynchronizedRootGroup;
			path = HTTPSearcher;
			sourceTree = "<group>";
		};
		681B89202EBFBBEF006DFB7A /* HTTPSearcherTests */ = {
			isa = PBXFileSystemSynchronizedRootGroup;
			path = HTTPSearcherTests;
			sourceTree = "<group>";
		};
		681B892A2EBFBBF0006DFB7A /* HTTPSearcherUITests */ = {
			isa = PBXFileSystemSynchronizedRootGroup;
			path = HTTPSearcherUITests;
			sourceTree = "<group>";
		};
/* End PBXFileSystemSynchronizedRootGroup section */

/* Begin PBXFrameworksBuildPhase section */
		681B890D2EBFBBEE006DFB7A /* Frameworks */ = {
			isa = PBXFrameworksBuildPhase;
			buildActionMask = 2147483647;
			files = (
				681B893D2EBFBC63006DFB7A /* ComposableArchitecture in Frameworks */,
				681B894B2EBFC46C006DFB7A /* Alamofire in Frameworks */,
			);
			runOnlyForDeploymentPostprocessing = 0;
		};
		681B891A2EBFBBEF006DFB7A /* Frameworks */ = {
			isa = PBXFrameworksBuildPhase;
			buildActionMask = 2147483647;
			files = (
			);
			runOnlyForDeploymentPostprocessing = 0;
		};
		681B89242EBFBBF0006DFB7A /* Frameworks */ = {
			isa = PBXFrameworksBuildPhase;
			buildActionMask = 2147483647;
			files = (
			);
			runOnlyForDeploymentPostprocessing = 0;
		};
/* End PBXFrameworksBuildPhase section */

/* Begin PBXGroup section */
		681B89072EBFBBEE006DFB7A = {
			isa = PBXGroup;
			children = (
				681B89122EBFBBEE006DFB7A /* HTTPSearcher */,
				681B89202EBFBBEF006DFB7A /* HTTPSearcherTests */,
				681B892A2EBFBBF0006DFB7A /* HTTPSearcherUITests */,
				681B893B2EBFBC63006DFB7A /* Frameworks */,
				681B89112EBFBBEE006DFB7A /* Products */,
			);
			sourceTree = "<group>";
		};
		681B89112EBFBBEE006DFB7A /* Products */ = {
			isa = PBXGroup;
			children = (
				681B89102EBFBBEE006DFB7A /* HTTPSearcher.app */,
				681B891D2EBFBBEF006DFB7A /* HTTPSearcherTests.xctest */,
				681B89272EBFBBF0006DFB7A /* HTTPSearcherUITests.xctest */,
			);
			name = Products;
			sourceTree = "<group>";
		};
		681B893B2EBFBC63006DFB7A /* Frameworks */ = {
			isa = PBXGroup;
			children = (
			);
			name = Frameworks;
			sourceTree = "<group>";
		};
/* End PBXGroup section */

/* Begin PBXNativeTarget section */
		681B890F2EBFBBEE006DFB7A /* HTTPSearcher */ = {
			isa = PBXNativeTarget;
			buildConfigurationList = 681B89312EBFBBF0006DFB7A /* Build configuration list for PBXNativeTarget "HTTPSearcher" */;
			buildPhases = (
				681B890C2EBFBBEE006DFB7A /* Sources */,
				681B890D2EBFBBEE006DFB7A /* Frameworks */,
				681B890E2EBFBBEE006DFB7A /* Resources */,
			);
			buildRules = (
			);
			dependencies = (
			);
			fileSystemSynchronizedGroups = (
				681B89122EBFBBEE006DFB7A /* HTTPSearcher */,
			);
			name = HTTPSearcher;
			packageProductDependencies = (
				681B893C2EBFBC63006DFB7A /* ComposableArchitecture */,
				681B894A2EBFC46C006DFB7A /* Alamofire */,
			);
			productName = HTTPSearcher;
			productReference = 681B89102EBFBBEE006DFB7A /* HTTPSearcher.app */;
			productType = "com.apple.product-type.application";
		};
		681B891C2EBFBBEF006DFB7A /* HTTPSearcherTests */ = {
			isa = PBXNativeTarget;
			buildConfigurationList = 681B89342EBFBBF0006DFB7A /* Build configuration list for PBXNativeTarget "HTTPSearcherTests" */;
			buildPhases = (
				681B89192EBFBBEF006DFB7A /* Sources */,
				681B891A2EBFBBEF006DFB7A /* Frameworks */,
				681B891B2EBFBBEF006DFB7A /* Resources */,
			);
			buildRules = (
			);
			dependencies = (
				681B891F2EBFBBEF006DFB7A /* PBXTargetDependency */,
			);
			fileSystemSynchronizedGroups = (
				681B89202EBFBBEF006DFB7A /* HTTPSearcherTests */,
			);
			name = HTTPSearcherTests;
			packageProductDependencies = (
				681B893E2EBFBC69006DFB7A /* ComposableArchitecture */,
			);
			productName = HTTPSearcherTests;
			productReference = 681B891D2EBFBBEF006DFB7A /* HTTPSearcherTests.xctest */;
			productType = "com.apple.product-type.bundle.unit-test";
		};
		681B89262EBFBBF0006DFB7A /* HTTPSearcherUITests */ = {
			isa = PBXNativeTarget;
			buildConfigurationList = 681B89372EBFBBF0006DFB7A /* Build configuration list for PBXNativeTarget "HTTPSearcherUITests" */;
			buildPhases = (
				681B89232EBFBBF0006DFB7A /* Sources */,
				681B89242EBFBBF0006DFB7A /* Frameworks */,
				681B89252EBFBBF0006DFB7A /* Resources */,
			);
			buildRules = (
			);
			dependencies = (
				681B89292EBFBBF0006DFB7A /* PBXTargetDependency */,
			);
			fileSystemSynchronizedGroups = (
				681B892A2EBFBBF0006DFB7A /* HTTPSearcherUITests */,
			);
			name = HTTPSearcherUITests;
			packageProductDependencies = (
			);
			productName = HTTPSearcherUITests;
			productReference = 681B89272EBFBBF0006DFB7A /* HTTPSearcherUITests.xctest */;
			productType = "com.apple.product-type.bundle.ui-testing";
		};
/* End PBXNativeTarget section */

/* Begin PBXProject section */
		681B89082EBFBBEE006DFB7A /* Project object */ = {
			isa = PBXProject;
			attributes = {
				BuildIndependentTargetsInParallel = 1;
				LastSwiftUpdateCheck = 2600;
				LastUpgradeCheck = 2600;
				TargetAttributes = {
					681B890F2EBFBBEE006DFB7A = {
						CreatedOnToolsVersion = 26.0.1;
					};
					681B891C2EBFBBEF006DFB7A = {
						CreatedOnToolsVersion = 26.0.1;
						TestTargetID = 681B890F2EBFBBEE006DFB7A;
					};
					681B89262EBFBBF0006DFB7A = {
						CreatedOnToolsVersion = 26.0.1;
						TestTargetID = 681B890F2EBFBBEE006DFB7A;
					};
				};
			};
			buildConfigurationList = 681B890B2EBFBBEE006DFB7A /* Build configuration list for PBXProject "HTTPSearcher" */;
			developmentRegion = en;
			hasScannedForEncodings = 0;
			knownRegions = (
				en,
				Base,
			);
			mainGroup = 681B89072EBFBBEE006DFB7A;
			minimizedProjectReferenceProxies = 1;
			packageReferences = (
				681B893A2EBFBC44006DFB7A /* XCRemoteSwiftPackageReference "swift-composable-architecture" */,
				681B89492EBFC46C006DFB7A /* XCRemoteSwiftPackageReference "Alamofire" */,
			);
			preferredProjectObjectVersion = 77;
			productRefGroup = 681B89112EBFBBEE006DFB7A /* Products */;
			projectDirPath = "";
			projectRoot = "";
			targets = (
				681B890F2EBFBBEE006DFB7A /* HTTPSearcher */,
				681B891C2EBFBBEF006DFB7A /* HTTPSearcherTests */,
				681B89262EBFBBF0006DFB7A /* HTTPSearcherUITests */,
			);
		};
/* End PBXProject section */

/* Begin PBXResourcesBuildPhase section */
		681B890E2EBFBBEE006DFB7A /* Resources */ = {
			isa = PBXResourcesBuildPhase;
			buildActionMask = 2147483647;
			files = (
			);
			runOnlyForDeploymentPostprocessing = 0;
		};
		681B891B2EBFBBEF006DFB7A /* Resources */ = {
			isa = PBXResourcesBuildPhase;
			buildActionMask = 2147483647;
			files = (
			);
			runOnlyForDeploymentPostprocessing = 0;
		};
		681B89252EBFBBF0006DFB7A /* Resources */ = {
			isa = PBXResourcesBuildPhase;
			buildActionMask = 2147483647;
			files = (
			);
			runOnlyForDeploymentPostprocessing = 0;
		};
/* End PBXResourcesBuildPhase section */

/* Begin PBXSourcesBuildPhase section */
		681B890C2EBFBBEE006DFB7A /* Sources */ = {
			isa = PBXSourcesBuildPhase;
			buildActionMask = 2147483647;
			files = (
			);
			runOnlyForDeploymentPostprocessing = 0;
		};
		681B89192EBFBBEF006DFB7A /* Sources */ = {
			isa = PBXSourcesBuildPhase;
			buildActionMask = 2147483647;
			files = (
			);
			runOnlyForDeploymentPostprocessing = 0;
		};
		681B89232EBFBBF0006DFB7A /* Sources */ = {
			isa = PBXSourcesBuildPhase;
			buildActionMask = 2147483647;
			files = (
			);
			runOnlyForDeploymentPostprocessing = 0;
		};
/* End PBXSourcesBuildPhase section */

/* Begin PBXTargetDependency section */
		681B891F2EBFBBEF006DFB7A /* PBXTargetDependency */ = {
			isa = PBXTargetDependency;
			target = 681B890F2EBFBBEE006DFB7A /* HTTPSearcher */;
			targetProxy = 681B891E2EBFBBEF006DFB7A /* PBXContainerItemProxy */;
		};
		681B89292EBFBBF0006DFB7A /* PBXTargetDependency */ = {
			isa = PBXTargetDependency;
			target = 681B890F2EBFBBEE006DFB7A /* HTTPSearcher */;
			targetProxy = 681B89282EBFBBF0006DFB7A /* PBXContainerItemProxy */;
		};
/* End PBXTargetDependency section */

/* Begin XCBuildConfiguration section */
		681B892F2EBFBBF0006DFB7A /* Debug */ = {
			isa = XCBuildConfiguration;
			buildSettings = {
				ALWAYS_SEARCH_USER_PATHS = NO;
				ASSETCATALOG_COMPILER_GENERATE_SWIFT_ASSET_SYMBOL_EXTENSIONS = YES;
				CLANG_ANALYZER_NONNULL = YES;
				CLANG_ANALYZER_NUMBER_OBJECT_CONVERSION = YES_AGGRESSIVE;
				CLANG_CXX_LANGUAGE_STANDARD = "gnu++20";
				CLANG_ENABLE_MODULES = YES;
				CLANG_ENABLE_OBJC_ARC = YES;
				CLANG_ENABLE_OBJC_WEAK = YES;
				CLANG_WARN_BLOCK_CAPTURE_AUTORELEASING = YES;
				CLANG_WARN_BOOL_CONVERSION = YES;
				CLANG_WARN_COMMA = YES;
				CLANG_WARN_CONSTANT_CONVERSION = YES;
				CLANG_WARN_DEPRECATED_OBJC_IMPLEMENTATIONS = YES;
				CLANG_WARN_DIRECT_OBJC_ISA_USAGE = YES_ERROR;
				CLANG_WARN_DOCUMENTATION_COMMENTS = YES;
				CLANG_WARN_EMPTY_BODY = YES;
				CLANG_WARN_ENUM_CONVERSION = YES;
				CLANG_WARN_INFINITE_RECURSION = YES;
				CLANG_WARN_INT_CONVERSION = YES;
				CLANG_WARN_NON_LITERAL_NULL_CONVERSION = YES;
				CLANG_WARN_OBJC_IMPLICIT_RETAIN_SELF = YES;
				CLANG_WARN_OBJC_LITERAL_CONVERSION = YES;
				CLANG_WARN_OBJC_ROOT_CLASS = YES_ERROR;
				CLANG_WARN_QUOTED_INCLUDE_IN_FRAMEWORK_HEADER = YES;
				CLANG_WARN_RANGE_LOOP_ANALYSIS = YES;
				CLANG_WARN_STRICT_PROTOTYPES = YES;
				CLANG_WARN_SUSPICIOUS_MOVE = YES;
				CLANG_WARN_UNGUARDED_AVAILABILITY = YES_AGGRESSIVE;
				CLANG_WARN_UNREACHABLE_CODE = YES;
				CLANG_WARN__DUPLICATE_METHOD_MATCH = YES;
				COPY_PHASE_STRIP = NO;
				DEBUG_INFORMATION_FORMAT = dwarf;
				DEVELOPMENT_TEAM = AJ5QNVYP6Y;
				ENABLE_STRICT_OBJC_MSGSEND = YES;
				ENABLE_TESTABILITY = YES;
				ENABLE_USER_SCRIPT_SANDBOXING = YES;
				GCC_C_LANGUAGE_STANDARD = gnu17;
				GCC_DYNAMIC_NO_PIC = NO;
				GCC_NO_COMMON_BLOCKS = YES;
				GCC_OPTIMIZATION_LEVEL = 0;
				GCC_PREPROCESSOR_DEFINITIONS = (
					"DEBUG=1",
					"$(inherited)",
				);
				GCC_WARN_64_TO_32_BIT_CONVERSION = YES;
				GCC_WARN_ABOUT_RETURN_TYPE = YES_ERROR;
				GCC_WARN_UNDECLARED_SELECTOR = YES;
				GCC_WARN_UNINITIALIZED_AUTOS = YES_AGGRESSIVE;
				GCC_WARN_UNUSED_FUNCTION = YES;
				GCC_WARN_UNUSED_VARIABLE = YES;
				IPHONEOS_DEPLOYMENT_TARGET = 26.0;
				LOCALIZATION_PREFERS_STRING_CATALOGS = YES;
				MTL_ENABLE_DEBUG_INFO = INCLUDE_SOURCE;
				MTL_FAST_MATH = YES;
				ONLY_ACTIVE_ARCH = YES;
				SDKROOT = iphoneos;
				SWIFT_ACTIVE_COMPILATION_CONDITIONS = "DEBUG $(inherited)";
				SWIFT_OPTIMIZATION_LEVEL = "-Onone";
			};
			name = Debug;
		};
		681B89302EBFBBF0006DFB7A /* Release */ = {
			isa = XCBuildConfiguration;
			buildSettings = {
				ALWAYS_SEARCH_USER_PATHS = NO;
				ASSETCATALOG_COMPILER_GENERATE_SWIFT_ASSET_SYMBOL_EXTENSIONS = YES;
				CLANG_ANALYZER_NONNULL = YES;
				CLANG_ANALYZER_NUMBER_OBJECT_CONVERSION = YES_AGGRESSIVE;
				CLANG_CXX_LANGUAGE_STANDARD = "gnu++20";
				CLANG_ENABLE_MODULES = YES;
				CLANG_ENABLE_OBJC_ARC = YES;
				CLANG_ENABLE_OBJC_WEAK = YES;
				CLANG_WARN_BLOCK_CAPTURE_AUTORELEASING = YES;
				CLANG_WARN_BOOL_CONVERSION = YES;
				CLANG_WARN_COMMA = YES;
				CLANG_WARN_CONSTANT_CONVERSION = YES;
				CLANG_WARN_DEPRECATED_OBJC_IMPLEMENTATIONS = YES;
				CLANG_WARN_DIRECT_OBJC_ISA_USAGE = YES_ERROR;
				CLANG_WARN_DOCUMENTATION_COMMENTS = YES;
				CLANG_WARN_EMPTY_BODY = YES;
				CLANG_WARN_ENUM_CONVERSION = YES;
				CLANG_WARN_INFINITE_RECURSION = YES;
				CLANG_WARN_INT_CONVERSION = YES;
				CLANG_WARN_NON_LITERAL_NULL_CONVERSION = YES;
				CLANG_WARN_OBJC_IMPLICIT_RETAIN_SELF = YES;
				CLANG_WARN_OBJC_LITERAL_CONVERSION = YES;
				CLANG_WARN_OBJC_ROOT_CLASS = YES_ERROR;
				CLANG_WARN_QUOTED_INCLUDE_IN_FRAMEWORK_HEADER = YES;
				CLANG_WARN_RANGE_LOOP_ANALYSIS = YES;
				CLANG_WARN_STRICT_PROTOTYPES = YES;
				CLANG_WARN_SUSPICIOUS_MOVE = YES;
				CLANG_WARN_UNGUARDED_AVAILABILITY = YES_AGGRESSIVE;
				CLANG_WARN_UNREACHABLE_CODE = YES;
				CLANG_WARN__DUPLICATE_METHOD_MATCH = YES;
				COPY_PHASE_STRIP = NO;
				DEBUG_INFORMATION_FORMAT = "dwarf-with-dsym";
				DEVELOPMENT_TEAM = AJ5QNVYP6Y;
				ENABLE_NS_ASSERTIONS = NO;
				ENABLE_STRICT_OBJC_MSGSEND = YES;
				ENABLE_USER_SCRIPT_SANDBOXING = YES;
				GCC_C_LANGUAGE_STANDARD = gnu17;
				GCC_NO_COMMON_BLOCKS = YES;
				GCC_WARN_64_TO_32_BIT_CONVERSION = YES;
				GCC_WARN_ABOUT_RETURN_TYPE = YES_ERROR;
				GCC_WARN_UNDECLARED_SELECTOR = YES;
				GCC_WARN_UNINITIALIZED_AUTOS = YES_AGGRESSIVE;
				GCC_WARN_UNUSED_FUNCTION = YES;
				GCC_WARN_UNUSED_VARIABLE = YES;
				IPHONEOS_DEPLOYMENT_TARGET = 26.0;
				LOCALIZATION_PREFERS_STRING_CATALOGS = YES;
				MTL_ENABLE_DEBUG_INFO = NO;
				MTL_FAST_MATH = YES;
				SDKROOT = iphoneos;
				SWIFT_COMPILATION_MODE = wholemodule;
				VALIDATE_PRODUCT = YES;
			};
			name = Release;
		};
		681B89322EBFBBF0006DFB7A /* Debug */ = {
			isa = XCBuildConfiguration;
			buildSettings = {
				ASSETCATALOG_COMPILER_APPICON_NAME = AppIcon;
				ASSETCATALOG_COMPILER_GLOBAL_ACCENT_COLOR_NAME = AccentColor;
				CODE_SIGN_STYLE = Automatic;
				CURRENT_PROJECT_VERSION = 1;
				DEVELOPMENT_TEAM = AJ5QNVYP6Y;
				ENABLE_PREVIEWS = YES;
				GENERATE_INFOPLIST_FILE = YES;
				INFOPLIST_KEY_UIApplicationSceneManifest_Generation = YES;
				INFOPLIST_KEY_UIApplicationSupportsIndirectInputEvents = YES;
				INFOPLIST_KEY_UILaunchScreen_Generation = YES;
				INFOPLIST_KEY_UISupportedInterfaceOrientations_iPad = "UIInterfaceOrientationPortrait UIInterfaceOrientationPortraitUpsideDown UIInterfaceOrientationLandscapeLeft UIInterfaceOrientationLandscapeRight";
				INFOPLIST_KEY_UISupportedInterfaceOrientations_iPhone = "UIInterfaceOrientationPortrait UIInterfaceOrientationLandscapeLeft UIInterfaceOrientationLandscapeRight";
				LD_RUNPATH_SEARCH_PATHS = (
					"$(inherited)",
					"@executable_path/Frameworks",
				);
				MARKETING_VERSION = 1.0;
				PRODUCT_BUNDLE_IDENTIFIER = "-77.ru.HTTPSearcher";
				PRODUCT_NAME = "$(TARGET_NAME)";
				STRING_CATALOG_GENERATE_SYMBOLS = YES;
				SWIFT_APPROACHABLE_CONCURRENCY = YES;
				SWIFT_DEFAULT_ACTOR_ISOLATION = MainActor;
				SWIFT_EMIT_LOC_STRINGS = YES;
				SWIFT_UPCOMING_FEATURE_MEMBER_IMPORT_VISIBILITY = YES;
				SWIFT_VERSION = 5.0;
				TARGETED_DEVICE_FAMILY = "1,2";
			};
			name = Debug;
		};
		681B89332EBFBBF0006DFB7A /* Release */ = {
			isa = XCBuildConfiguration;
			buildSettings = {
				ASSETCATALOG_COMPILER_APPICON_NAME = AppIcon;
				ASSETCATALOG_COMPILER_GLOBAL_ACCENT_COLOR_NAME = AccentColor;
				CODE_SIGN_STYLE = Automatic;
				CURRENT_PROJECT_VERSION = 1;
				DEVELOPMENT_TEAM = AJ5QNVYP6Y;
				ENABLE_PREVIEWS = YES;
				GENERATE_INFOPLIST_FILE = YES;
				INFOPLIST_KEY_UIApplicationSceneManifest_Generation = YES;
				INFOPLIST_KEY_UIApplicationSupportsIndirectInputEvents = YES;
				INFOPLIST_KEY_UILaunchScreen_Generation = YES;
				INFOPLIST_KEY_UISupportedInterfaceOrientations_iPad = "UIInterfaceOrientationPortrait UIInterfaceOrientationPortraitUpsideDown UIInterfaceOrientationLandscapeLeft UIInterfaceOrientationLandscapeRight";
				INFOPLIST_KEY_UISupportedInterfaceOrientations_iPhone = "UIInterfaceOrientationPortrait UIInterfaceOrientationLandscapeLeft UIInterfaceOrientationLandscapeRight";
				LD_RUNPATH_SEARCH_PATHS = (
					"$(inherited)",
					"@executable_path/Frameworks",
				);
				MARKETING_VERSION = 1.0;
				PRODUCT_BUNDLE_IDENTIFIER = "-77.ru.HTTPSearcher";
				PRODUCT_NAME = "$(TARGET_NAME)";
				STRING_CATALOG_GENERATE_SYMBOLS = YES;
				SWIFT_APPROACHABLE_CONCURRENCY = YES;
				SWIFT_DEFAULT_ACTOR_ISOLATION = MainActor;
				SWIFT_EMIT_LOC_STRINGS = YES;
				SWIFT_UPCOMING_FEATURE_MEMBER_IMPORT_VISIBILITY = YES;
				SWIFT_VERSION = 5.0;
				TARGETED_DEVICE_FAMILY = "1,2";
			};
			name = Release;
		};
		681B89352EBFBBF0006DFB7A /* Debug */ = {
			isa = XCBuildConfiguration;
			buildSettings = {
				BUNDLE_LOADER = "$(TEST_HOST)";
				CODE_SIGN_STYLE = Automatic;
				CURRENT_PROJECT_VERSION = 1;
				DEVELOPMENT_TEAM = AJ5QNVYP6Y;
				GENERATE_INFOPLIST_FILE = YES;
				IPHONEOS_DEPLOYMENT_TARGET = 26.0;
				MARKETING_VERSION = 1.0;
				PRODUCT_BUNDLE_IDENTIFIER = "-77.ru.HTTPSearcherTests";
				PRODUCT_NAME = "$(TARGET_NAME)";
				STRING_CATALOG_GENERATE_SYMBOLS = NO;
				SWIFT_APPROACHABLE_CONCURRENCY = YES;
				SWIFT_EMIT_LOC_STRINGS = NO;
				SWIFT_UPCOMING_FEATURE_MEMBER_IMPORT_VISIBILITY = YES;
				SWIFT_VERSION = 5.0;
				TARGETED_DEVICE_FAMILY = "1,2";
				TEST_HOST = "$(BUILT_PRODUCTS_DIR)/HTTPSearcher.app/$(BUNDLE_EXECUTABLE_FOLDER_PATH)/HTTPSearcher";
			};
			name = Debug;
		};
		681B89362EBFBBF0006DFB7A /* Release */ = {
			isa = XCBuildConfiguration;
			buildSettings = {
				BUNDLE_LOADER = "$(TEST_HOST)";
				CODE_SIGN_STYLE = Automatic;
				CURRENT_PROJECT_VERSION = 1;
				DEVELOPMENT_TEAM = AJ5QNVYP6Y;
				GENERATE_INFOPLIST_FILE = YES;
				IPHONEOS_DEPLOYMENT_TARGET = 26.0;
				MARKETING_VERSION = 1.0;
				PRODUCT_BUNDLE_IDENTIFIER = "-77.ru.HTTPSearcherTests";
				PRODUCT_NAME = "$(TARGET_NAME)";
				STRING_CATALOG_GENERATE_SYMBOLS = NO;
				SWIFT_APPROACHABLE_CONCURRENCY = YES;
				SWIFT_EMIT_LOC_STRINGS = NO;
				SWIFT_UPCOMING_FEATURE_MEMBER_IMPORT_VISIBILITY = YES;
				SWIFT_VERSION = 5.0;
				TARGETED_DEVICE_FAMILY = "1,2";
				TEST_HOST = "$(BUILT_PRODUCTS_DIR)/HTTPSearcher.app/$(BUNDLE_EXECUTABLE_FOLDER_PATH)/HTTPSearcher";
			};
			name = Release;
		};
		681B89382EBFBBF0006DFB7A /* Debug */ = {
			isa = XCBuildConfiguration;
			buildSettings = {
				CODE_SIGN_STYLE = Automatic;
				CURRENT_PROJECT_VERSION = 1;
				DEVELOPMENT_TEAM = AJ5QNVYP6Y;
				GENERATE_INFOPLIST_FILE = YES;
				MARKETING_VERSION = 1.0;
				PRODUCT_BUNDLE_IDENTIFIER = "-77.ru.HTTPSearcherUITests";
				PRODUCT_NAME = "$(TARGET_NAME)";
				STRING_CATALOG_GENERATE_SYMBOLS = NO;
				SWIFT_APPROACHABLE_CONCURRENCY = YES;
				SWIFT_EMIT_LOC_STRINGS = NO;
				SWIFT_UPCOMING_FEATURE_MEMBER_IMPORT_VISIBILITY = YES;
				SWIFT_VERSION = 5.0;
				TARGETED_DEVICE_FAMILY = "1,2";
				TEST_TARGET_NAME = HTTPSearcher;
			};
			name = Debug;
		};
		681B89392EBFBBF0006DFB7A /* Release */ = {
			isa = XCBuildConfiguration;
			buildSettings = {
				CODE_SIGN_STYLE = Automatic;
				CURRENT_PROJECT_VERSION = 1;
				DEVELOPMENT_TEAM = AJ5QNVYP6Y;
				GENERATE_INFOPLIST_FILE = YES;
				MARKETING_VERSION = 1.0;
				PRODUCT_BUNDLE_IDENTIFIER = "-77.ru.HTTPSearcherUITests";
				PRODUCT_NAME = "$(TARGET_NAME)";
				STRING_CATALOG_GENERATE_SYMBOLS = NO;
				SWIFT_APPROACHABLE_CONCURRENCY = YES;
				SWIFT_EMIT_LOC_STRINGS = NO;
				SWIFT_UPCOMING_FEATURE_MEMBER_IMPORT_VISIBILITY = YES;
				SWIFT_VERSION = 5.0;
				TARGETED_DEVICE_FAMILY = "1,2";
				TEST_TARGET_NAME = HTTPSearcher;
			};
			name = Release;
		};
/* End XCBuildConfiguration section */

/* Begin XCConfigurationList section */
		681B890B2EBFBBEE006DFB7A /* Build configuration list for PBXProject "HTTPSearcher" */ = {
			isa = XCConfigurationList;
			buildConfigurations = (
				681B892F2EBFBBF0006DFB7A /* Debug */,
				681B89302EBFBBF0006DFB7A /* Release */,
			);
			defaultConfigurationIsVisible = 0;
			defaultConfigurationName = Release;
		};
		681B89312EBFBBF0006DFB7A /* Build configuration list for PBXNativeTarget "HTTPSearcher" */ = {
			isa = XCConfigurationList;
			buildConfigurations = (
				681B89322EBFBBF0006DFB7A /* Debug */,
				681B89332EBFBBF0006DFB7A /* Release */,
			);
			defaultConfigurationIsVisible = 0;
			defaultConfigurationName = Release;
		};
		681B89342EBFBBF0006DFB7A /* Build configuration list for PBXNativeTarget "HTTPSearcherTests" */ = {
			isa = XCConfigurationList;
			buildConfigurations = (
				681B89352EBFBBF0006DFB7A /* Debug */,
				681B89362EBFBBF0006DFB7A /* Release */,
			);
			defaultConfigurationIsVisible = 0;
			defaultConfigurationName = Release;
		};
		681B89372EBFBBF0006DFB7A /* Build configuration list for PBXNativeTarget "HTTPSearcherUITests" */ = {
			isa = XCConfigurationList;
			buildConfigurations = (
				681B89382EBFBBF0006DFB7A /* Debug */,
				681B89392EBFBBF0006DFB7A /* Release */,
			);
			defaultConfigurationIsVisible = 0;
			defaultConfigurationName = Release;
		};
/* End XCConfigurationList section */

/* Begin XCRemoteSwiftPackageReference section */
		681B893A2EBFBC44006DFB7A /* XCRemoteSwiftPackageReference "swift-composable-architecture" */ = {
			isa = XCRemoteSwiftPackageReference;
			repositoryURL = "https://github.com/pointfreeco/swift-composable-architecture";
			requirement = {
				kind = upToNextMajorVersion;
				minimumVersion = 1.23.1;
			};
		};
		681B89492EBFC46C006DFB7A /* XCRemoteSwiftPackageReference "Alamofire" */ = {
			isa = XCRemoteSwiftPackageReference;
			repositoryURL = "https://github.com/Alamofire/Alamofire";
			requirement = {
				kind = upToNextMajorVersion;
				minimumVersion = 5.10.2;
			};
		};
/* End XCRemoteSwiftPackageReference section */

/* Begin XCSwiftPackageProductDependency section */
		681B893C2EBFBC63006DFB7A /* ComposableArchitecture */ = {
			isa = XCSwiftPackageProductDependency;
			package = 681B893A2EBFBC44006DFB7A /* XCRemoteSwiftPackageReference "swift-composable-architecture" */;
			productName = ComposableArchitecture;
		};
		681B893E2EBFBC69006DFB7A /* ComposableArchitecture */ = {
			isa = XCSwiftPackageProductDependency;
			package = 681B893A2EBFBC44006DFB7A /* XCRemoteSwiftPackageReference "swift-composable-architecture" */;
			productName = ComposableArchitecture;
		};
		681B894A2EBFC46C006DFB7A /* Alamofire */ = {
			isa = XCSwiftPackageProductDependency;
			package = 681B89492EBFC46C006DFB7A /* XCRemoteSwiftPackageReference "Alamofire" */;
			productName = Alamofire;
		};
/* End XCSwiftPackageProductDependency section */
	};
	rootObject = 681B89082EBFBBEE006DFB7A /* Project object */;
}
